
Microsoft Visual Studio Solution File, Format Version 12.00
# Visual Studio Version 17
VisualStudioVersion = 17.5.33502.453
MinimumVisualStudioVersion = 10.0.40219.1
Project("{FAE04EC0-301F-11D3-BF4B-00C04F79EFBC}") = "JobProject_GitHub", "JobProject_GitHub\JobProject_GitHub.csproj", "{0FCBABAE-9A6A-4BFA-8CD2-AF71AE7FF704}"
EndProject
Global
	GlobalSection(SolutionConfigurationPlatforms) = preSolution
		Debug|Any CPU = Debug|Any CPU
		Release|Any CPU = Release|Any CPU
	EndGlobalSection
	GlobalSection(ProjectConfigurationPlatforms) = postSolution
		{0FCBABAE-9A6A-4BFA-8CD2-AF71AE7FF704}.Debug|Any CPU.ActiveCfg = Debug|Any CPU
		{0FCBABAE-9A6A-4BFA-8CD2-AF71AE7FF704}.Debug|Any CPU.Build.0 = Debug|Any CPU
		{0FCBABAE-9A6A-4BFA-8CD2-AF71AE7FF704}.Release|Any CPU.ActiveCfg = Release|Any CPU
		{0FCBABAE-9A6A-4BFA-8CD2-AF71AE7FF704}.Release|Any CPU.Build.0 = Release|Any CPU
	EndGlobalSection
	GlobalSection(SolutionProperties) = preSolution
		HideSolutionNode = FALSE
	EndGlobalSection
	GlobalSection(ExtensibilityGlobals) = postSolution
		SolutionGuid = {93100B64-C6B0-4060-819C-5292DF7B6A52}
	EndGlobalSection
EndGlobal
